
Microsoft Visual Studio Solution File, Format Version 12.00
# Visual Studio Version 17
VisualStudioVersion = 17.11.35219.272
MinimumVisualStudioVersion = 10.0.40219.1
Project("{FAE04EC0-301F-11D3-BF4B-00C04F79EFBC}") = "UserManagement", "UserManagement\UserManagement.csproj", "{F695C4CD-0CD8-42EA-B73C-01B6104BCF64}"
EndProject
Global
	GlobalSection(SolutionConfigurationPlatforms) = preSolution
		Debug|Any CPU = Debug|Any CPU
		Release|Any CPU = Release|Any CPU
	EndGlobalSection
	GlobalSection(ProjectConfigurationPlatforms) = postSolution
		{F695C4CD-0CD8-42EA-B73C-01B6104BCF64}.Debug|Any CPU.ActiveCfg = Debug|Any CPU
		{F695C4CD-0CD8-42EA-B73C-01B6104BCF64}.Debug|Any CPU.Build.0 = Debug|Any CPU
		{F695C4CD-0CD8-42EA-B73C-01B6104BCF64}.Release|Any CPU.ActiveCfg = Release|Any CPU
		{F695C4CD-0CD8-42EA-B73C-01B6104BCF64}.Release|Any CPU.Build.0 = Release|Any CPU
	EndGlobalSection
	GlobalSection(SolutionProperties) = preSolution
		HideSolutionNode = FALSE
	EndGlobalSection
	GlobalSection(ExtensibilityGlobals) = postSolution
		SolutionGuid = {3D025895-E7FF-4B81-8EA1-804AC7B84973}
	EndGlobalSection
EndGlobal
