
Microsoft Visual Studio Solution File, Format Version 12.00
# Visual Studio Version 17
VisualStudioVersion = 17.11.35219.272
MinimumVisualStudioVersion = 10.0.40219.1
Project("{9A19103F-16F7-4668-BE54-9A1E7A4F7556}") = "TaskPhonebook", "TaskPhonebook.csproj", "{8D26A46D-CDE6-45AE-94B2-0FCA7A31E123}"
EndProject
Global
	GlobalSection(SolutionConfigurationPlatforms) = preSolution
		Debug|Any CPU = Debug|Any CPU
		Release|Any CPU = Release|Any CPU
	EndGlobalSection
	GlobalSection(ProjectConfigurationPlatforms) = postSolution
		{8D26A46D-CDE6-45AE-94B2-0FCA7A31E123}.Debug|Any CPU.ActiveCfg = Debug|Any CPU
		{8D26A46D-CDE6-45AE-94B2-0FCA7A31E123}.Debug|Any CPU.Build.0 = Debug|Any CPU
		{8D26A46D-CDE6-45AE-94B2-0FCA7A31E123}.Release|Any CPU.ActiveCfg = Release|Any CPU
		{8D26A46D-CDE6-45AE-94B2-0FCA7A31E123}.Release|Any CPU.Build.0 = Release|Any CPU
	EndGlobalSection
	GlobalSection(SolutionProperties) = preSolution
		HideSolutionNode = FALSE
	EndGlobalSection
	GlobalSection(ExtensibilityGlobals) = postSolution
		SolutionGuid = {75306252-A269-4E15-8821-D3AE09604F4C}
	EndGlobalSection
EndGlobal
